
Microsoft Visual Studio Solution File, Format Version 12.00
# Visual Studio 15
VisualStudioVersion = 15.0.27004.2008
MinimumVisualStudioVersion = 10.0.40219.1
Project("{FAE04EC0-301F-11D3-BF4B-00C04F79EFBC}") = "FCRM.Web", "FCRM.Web\FCRM.Web.csproj", "{6264A84F-3FD3-483E-B1A0-D87E1BDEAE16}"
EndProject
Global
	GlobalSection(SolutionConfigurationPlatforms) = preSolution
		Debug|Any CPU = Debug|Any CPU
		Release|Any CPU = Release|Any CPU
	EndGlobalSection
	GlobalSection(ProjectConfigurationPlatforms) = postSolution
		{6264A84F-3FD3-483E-B1A0-D87E1BDEAE16}.Debug|Any CPU.ActiveCfg = Debug|Any CPU
		{6264A84F-3FD3-483E-B1A0-D87E1BDEAE16}.Debug|Any CPU.Build.0 = Debug|Any CPU
		{6264A84F-3FD3-483E-B1A0-D87E1BDEAE16}.Release|Any CPU.ActiveCfg = Release|Any CPU
		{6264A84F-3FD3-483E-B1A0-D87E1BDEAE16}.Release|Any CPU.Build.0 = Release|Any CPU
	EndGlobalSection
	GlobalSection(SolutionProperties) = preSolution
		HideSolutionNode = FALSE
	EndGlobalSection
	GlobalSection(ExtensibilityGlobals) = postSolution
		SolutionGuid = {477FE400-01AA-4D93-9513-2BE222A17124}
	EndGlobalSection
EndGlobal
